
Microsoft Visual Studio Solution File, Format Version 12.00
# Visual Studio Version 16
VisualStudioVersion = 16.0.31321.278
MinimumVisualStudioVersion = 10.0.40219.1
Project("{FAE04EC0-301F-11D3-BF4B-00C04F79EFBC}") = "ExampleSeleniumTests", "ExampleSeleniumTests\ExampleSeleniumTests.csproj", "{AD0AB56D-8250-4E62-BE9E-E5B304E17B77}"
EndProject
Global
	GlobalSection(SolutionConfigurationPlatforms) = preSolution
		Debug|Any CPU = Debug|Any CPU
		Release|Any CPU = Release|Any CPU
	EndGlobalSection
	GlobalSection(ProjectConfigurationPlatforms) = postSolution
		{AD0AB56D-8250-4E62-BE9E-E5B304E17B77}.Debug|Any CPU.ActiveCfg = Debug|Any CPU
		{AD0AB56D-8250-4E62-BE9E-E5B304E17B77}.Debug|Any CPU.Build.0 = Debug|Any CPU
		{AD0AB56D-8250-4E62-BE9E-E5B304E17B77}.Release|Any CPU.ActiveCfg = Release|Any CPU
		{AD0AB56D-8250-4E62-BE9E-E5B304E17B77}.Release|Any CPU.Build.0 = Release|Any CPU
	EndGlobalSection
	GlobalSection(SolutionProperties) = preSolution
		HideSolutionNode = FALSE
	EndGlobalSection
	GlobalSection(ExtensibilityGlobals) = postSolution
		SolutionGuid = {FF84D9E9-395F-4047-8221-0C4832908105}
	EndGlobalSection
EndGlobal
